Microsoft Visual Studio Solution File, Format Version 12.00
# Visual Studio Version 17
VisualStudioVersion = 17.5.2.0
MinimumVisualStudioVersion = 10.0.40219.1
Project("{FAE04EC0-301F-11D3-BF4B-00C04F79EFBC}") = "ifn584_a1game", "ifn584_a1game.csproj", "{C42E4800-D764-C406-6A1A-523D06EC5EF8}"
EndProject
Global
	GlobalSection(SolutionConfigurationPlatforms) = preSolution
		Debug|Any CPU = Debug|Any CPU
		Release|Any CPU = Release|Any CPU
	EndGlobalSection
	GlobalSection(ProjectConfigurationPlatforms) = postSolution
		{C42E4800-D764-C406-6A1A-523D06EC5EF8}.Debug|Any CPU.ActiveCfg = Debug|Any CPU
		{C42E4800-D764-C406-6A1A-523D06EC5EF8}.Debug|Any CPU.Build.0 = Debug|Any CPU
		{C42E4800-D764-C406-6A1A-523D06EC5EF8}.Release|Any CPU.ActiveCfg = Release|Any CPU
		{C42E4800-D764-C406-6A1A-523D06EC5EF8}.Release|Any CPU.Build.0 = Release|Any CPU
	EndGlobalSection
	GlobalSection(SolutionProperties) = preSolution
		HideSolutionNode = FALSE
	EndGlobalSection
	GlobalSection(ExtensibilityGlobals) = postSolution
		SolutionGuid = {2DCBC88F-A97B-4A63-9719-E112E61237C5}
	EndGlobalSection
EndGlobal
